
Microsoft Visual Studio Solution File, Format Version 12.00
# Visual Studio Version 17
VisualStudioVersion = 17.7.34024.191
MinimumVisualStudioVersion = 10.0.40219.1
Project("{8BC9CEB8-8B4A-11D0-8D11-00A0C91BC942}") = "LAB13.2.1", "LAB13.2.vcxproj", "{B4E1FC58-E3B0-4A52-8599-86F68C267631}"
EndProject
Project("{8BC9CEB8-8B4A-11D0-8D11-00A0C91BC942}") = "test.LAB13.2.1", "..\test.LAB13.2.1\test.LAB13.2.1.vcxproj", "{0F42C9BA-BFE3-4A95-82F8-7CAC95C702D1}"
EndProject
Global
	GlobalSection(SolutionConfigurationPlatforms) = preSolution
		Debug|x64 = Debug|x64
		Debug|x86 = Debug|x86
		Release|x64 = Release|x64
		Release|x86 = Release|x86
	EndGlobalSection
	GlobalSection(ProjectConfigurationPlatforms) = postSolution
		{B4E1FC58-E3B0-4A52-8599-86F68C267631}.Debug|x64.ActiveCfg = Debug|x64
		{B4E1FC58-E3B0-4A52-8599-86F68C267631}.Debug|x64.Build.0 = Debug|x64
		{B4E1FC58-E3B0-4A52-8599-86F68C267631}.Debug|x86.ActiveCfg = Debug|Win32
		{B4E1FC58-E3B0-4A52-8599-86F68C267631}.Debug|x86.Build.0 = Debug|Win32
		{B4E1FC58-E3B0-4A52-8599-86F68C267631}.Release|x64.ActiveCfg = Release|x64
		{B4E1FC58-E3B0-4A52-8599-86F68C267631}.Release|x64.Build.0 = Release|x64
		{B4E1FC58-E3B0-4A52-8599-86F68C267631}.Release|x86.ActiveCfg = Release|Win32
		{B4E1FC58-E3B0-4A52-8599-86F68C267631}.Release|x86.Build.0 = Release|Win32
		{0F42C9BA-BFE3-4A95-82F8-7CAC95C702D1}.Debug|x64.ActiveCfg = Debug|x64
		{0F42C9BA-BFE3-4A95-82F8-7CAC95C702D1}.Debug|x64.Build.0 = Debug|x64
		{0F42C9BA-BFE3-4A95-82F8-7CAC95C702D1}.Debug|x86.ActiveCfg = Debug|Win32
		{0F42C9BA-BFE3-4A95-82F8-7CAC95C702D1}.Debug|x86.Build.0 = Debug|Win32
		{0F42C9BA-BFE3-4A95-82F8-7CAC95C702D1}.Release|x64.ActiveCfg = Release|x64
		{0F42C9BA-BFE3-4A95-82F8-7CAC95C702D1}.Release|x64.Build.0 = Release|x64
		{0F42C9BA-BFE3-4A95-82F8-7CAC95C702D1}.Release|x86.ActiveCfg = Release|Win32
		{0F42C9BA-BFE3-4A95-82F8-7CAC95C702D1}.Release|x86.Build.0 = Release|Win32
	EndGlobalSection
	GlobalSection(SolutionProperties) = preSolution
		HideSolutionNode = FALSE
	EndGlobalSection
	GlobalSection(ExtensibilityGlobals) = postSolution
		SolutionGuid = {AE364ABE-C86B-4A56-BF72-9C8536973985}
	EndGlobalSection
EndGlobal
